
Microsoft Visual Studio Solution File, Format Version 12.00
# Visual Studio Version 16
VisualStudioVersion = 16.0.28803.202
MinimumVisualStudioVersion = 10.0.40219.1
Project("{9A19103F-16F7-4668-BE54-9A1E7A4F7556}") = "Session08.Exercise.Domain", "Session08.Exercise.Entities\Session08.Exercise.Domain.csproj", "{09769D9A-0247-4629-8290-0BE3C14BAA25}"
EndProject
Project("{FAE04EC0-301F-11D3-BF4B-00C04F79EFBC}") = "Session08.Exercise.DAL", "Session08.Exercise.DAL\Session08.Exercise.DAL.csproj", "{A7439FFD-1541-44E0-920E-48C33FD790D5}"
EndProject
Project("{FAE04EC0-301F-11D3-BF4B-00C04F79EFBC}") = "Session08.Exercise.EndPoint", "Session08.Exercise.EndPoint\Session08.Exercise.EndPoint.csproj", "{A5DDD264-291F-40D5-B56B-04FCF0FED0F4}"
EndProject
Global
	GlobalSection(SolutionConfigurationPlatforms) = preSolution
		Debug|Any CPU = Debug|Any CPU
		Release|Any CPU = Release|Any CPU
	EndGlobalSection
	GlobalSection(ProjectConfigurationPlatforms) = postSolution
		{09769D9A-0247-4629-8290-0BE3C14BAA25}.Debug|Any CPU.ActiveCfg = Debug|Any CPU
		{09769D9A-0247-4629-8290-0BE3C14BAA25}.Debug|Any CPU.Build.0 = Debug|Any CPU
		{09769D9A-0247-4629-8290-0BE3C14BAA25}.Release|Any CPU.ActiveCfg = Release|Any CPU
		{09769D9A-0247-4629-8290-0BE3C14BAA25}.Release|Any CPU.Build.0 = Release|Any CPU
		{A7439FFD-1541-44E0-920E-48C33FD790D5}.Debug|Any CPU.ActiveCfg = Debug|Any CPU
		{A7439FFD-1541-44E0-920E-48C33FD790D5}.Debug|Any CPU.Build.0 = Debug|Any CPU
		{A7439FFD-1541-44E0-920E-48C33FD790D5}.Release|Any CPU.ActiveCfg = Release|Any CPU
		{A7439FFD-1541-44E0-920E-48C33FD790D5}.Release|Any CPU.Build.0 = Release|Any CPU
		{A5DDD264-291F-40D5-B56B-04FCF0FED0F4}.Debug|Any CPU.ActiveCfg = Debug|Any CPU
		{A5DDD264-291F-40D5-B56B-04FCF0FED0F4}.Debug|Any CPU.Build.0 = Debug|Any CPU
		{A5DDD264-291F-40D5-B56B-04FCF0FED0F4}.Release|Any CPU.ActiveCfg = Release|Any CPU
		{A5DDD264-291F-40D5-B56B-04FCF0FED0F4}.Release|Any CPU.Build.0 = Release|Any CPU
	EndGlobalSection
	GlobalSection(SolutionProperties) = preSolution
		HideSolutionNode = FALSE
	EndGlobalSection
	GlobalSection(ExtensibilityGlobals) = postSolution
		SolutionGuid = {52BC54F2-B8A0-4385-96EA-2AA2A79D174B}
	EndGlobalSection
EndGlobal
